
Microsoft Visual Studio Solution File, Format Version 12.00
# Visual Studio 2012
Project("{FAE04EC0-301F-11D3-BF4B-00C04F79EFBC}") = "Quavo", "Quavo.csproj", "{E0B6BCC5-14B4-4697-973C-2DD4E22183CC}"
EndProject
Global
	GlobalSection(SolutionConfigurationPlatforms) = preSolution
		Debug|x86 = Debug|x86
		Release|x86 = Release|x86
	EndGlobalSection
	GlobalSection(ProjectConfigurationPlatforms) = postSolution
		{E0B6BCC5-14B4-4697-973C-2DD4E22183CC}.Debug|x86.ActiveCfg = Debug|x86
		{E0B6BCC5-14B4-4697-973C-2DD4E22183CC}.Debug|x86.Build.0 = Debug|x86
		{E0B6BCC5-14B4-4697-973C-2DD4E22183CC}.Release|x86.ActiveCfg = Release|x86
		{E0B6BCC5-14B4-4697-973C-2DD4E22183CC}.Release|x86.Build.0 = Release|x86
	EndGlobalSection
EndGlobal
